
Microsoft Visual Studio Solution File, Format Version 12.00
# Visual Studio 15
VisualStudioVersion = 15.0.27130.2003
MinimumVisualStudioVersion = 10.0.40219.1
Project("{8BC9CEB8-8B4A-11D0-8D11-00A0C91BC942}") = "SDL", "SDL-1.2.15\VisualC\SDL\SDL.vcxproj", "{81CE8DAF-EBB2-4761-8E45-B71ABCCA8C68}"
EndProject
Project("{8BC9CEB8-8B4A-11D0-8D11-00A0C91BC942}") = "SDLmain", "SDL-1.2.15\VisualC\SDLmain\SDLmain.vcxproj", "{DA956FD3-E142-46F2-9DD5-C78BEBB56B7A}"
EndProject
Project("{8BC9CEB8-8B4A-11D0-8D11-00A0C91BC942}") = "SDL_image", "SDL_image-1.2.12\VisualC\SDL_image.vcxproj", "{2BD5534E-00E2-4BEA-AC96-D9A92EA24696}"
	ProjectSection(ProjectDependencies) = postProject
		{D6973076-9317-4EF2-A0B8-B7A18AC0713E} = {D6973076-9317-4EF2-A0B8-B7A18AC0713E}
		{F26CC2AD-6B69-4CF9-B49E-A14C6B351360} = {F26CC2AD-6B69-4CF9-B49E-A14C6B351360}
		{81CE8DAF-EBB2-4761-8E45-B71ABCCA8C68} = {81CE8DAF-EBB2-4761-8E45-B71ABCCA8C68}
	EndProjectSection
EndProject
Project("{8BC9CEB8-8B4A-11D0-8D11-00A0C91BC942}") = "SDL_mixer", "SDL_mixer-1.2.12\VisualC\SDL_mixer.vcxproj", "{F7E944B3-0815-40CD-B3E4-90B2A15B0E33}"
	ProjectSection(ProjectDependencies) = postProject
		{3A214E06-B95E-4D61-A291-1F8DF2EC10FD} = {3A214E06-B95E-4D61-A291-1F8DF2EC10FD}
		{AFF27A26-C088-444B-BC2A-0BA94A02AFA7} = {AFF27A26-C088-444B-BC2A-0BA94A02AFA7}
		{CEBDE98B-A6AA-46E6-BC79-FAAF823DB9EC} = {CEBDE98B-A6AA-46E6-BC79-FAAF823DB9EC}
		{81CE8DAF-EBB2-4761-8E45-B71ABCCA8C68} = {81CE8DAF-EBB2-4761-8E45-B71ABCCA8C68}
	EndProjectSection
EndProject
Project("{8BC9CEB8-8B4A-11D0-8D11-00A0C91BC942}") = "SDL_ttf", "SDL_ttf-2.0.11\VisualC\SDL_ttf.vcxproj", "{DDDBD07D-DC76-4AF6-8D02-3E2DEB6EE255}"
	ProjectSection(ProjectDependencies) = postProject
		{78B079BD-9FC7-4B9E-B4A6-96DA0F00248B} = {78B079BD-9FC7-4B9E-B4A6-96DA0F00248B}
	EndProjectSection
EndProject
Project("{8BC9CEB8-8B4A-11D0-8D11-00A0C91BC942}") = "smpeg", "smpeg-debian-0.4.5+cvs20030824-8\VisualC\smpeg.vcxproj", "{44F58895-33BD-4BA9-BA5D-344B6D40A868}"
	ProjectSection(ProjectDependencies) = postProject
		{81CE8DAF-EBB2-4761-8E45-B71ABCCA8C68} = {81CE8DAF-EBB2-4761-8E45-B71ABCCA8C68}
	EndProjectSection
EndProject
Project("{8BC9CEB8-8B4A-11D0-8D11-00A0C91BC942}") = "libbz2", "bzip2-1.0.6\libbz2.vcxproj", "{BC815356-CC4E-48A3-BA56-CB32A2DB1D78}"
EndProject
Project("{8BC9CEB8-8B4A-11D0-8D11-00A0C91BC942}") = "lua", "lua-5.1.5\lua.vcxproj", "{23E562DF-0546-4FB1-991A-7D5F856AD4BC}"
EndProject
Project("{8BC9CEB8-8B4A-11D0-8D11-00A0C91BC942}") = "freetype", "freetype-2.10.1\builds\windows\vc2010\freetype.vcxproj", "{78B079BD-9FC7-4B9E-B4A6-96DA0F00248B}"
EndProject
Project("{8BC9CEB8-8B4A-11D0-8D11-00A0C91BC942}") = "native_midi", "SDL_mixer-1.2.12\VisualC\native_midi\native_midi.vcxproj", "{EBDA67CA-4A23-4F22-BFBC-B8DBE0580D4F}"
EndProject
Project("{8BC9CEB8-8B4A-11D0-8D11-00A0C91BC942}") = "timidity", "SDL_mixer-1.2.12\VisualC\timidity\timidity.vcxproj", "{B162B6F1-E876-4D5F-A1F6-E3A6DC2F4A2C}"
EndProject
Project("{8BC9CEB8-8B4A-11D0-8D11-00A0C91BC942}") = "libjpeg", "jpeg-9c\libjpeg.vcxproj", "{F26CC2AD-6B69-4CF9-B49E-A14C6B351360}"
EndProject
Project("{8BC9CEB8-8B4A-11D0-8D11-00A0C91BC942}") = "libogg", "libogg-1.3.4\win32\VS2015\libogg.vcxproj", "{AFF27A26-C088-444B-BC2A-0BA94A02AFA7}"
EndProject
Project("{8BC9CEB8-8B4A-11D0-8D11-00A0C91BC942}") = "libvorbis_static", "libvorbis-1.3.6\win32\VS2010\libvorbis\libvorbis_static.vcxproj", "{3A214E06-B95E-4D61-A291-1F8DF2EC10FD}"
	ProjectSection(ProjectDependencies) = postProject
		{AFF27A26-C088-444B-BC2A-0BA94A02AFA7} = {AFF27A26-C088-444B-BC2A-0BA94A02AFA7}
	EndProjectSection
EndProject
Project("{8BC9CEB8-8B4A-11D0-8D11-00A0C91BC942}") = "libvorbisfile", "libvorbis-1.3.6\win32\VS2010\libvorbisfile\libvorbisfile_static.vcxproj", "{CEBDE98B-A6AA-46E6-BC79-FAAF823DB9EC}"
	ProjectSection(ProjectDependencies) = postProject
		{AFF27A26-C088-444B-BC2A-0BA94A02AFA7} = {AFF27A26-C088-444B-BC2A-0BA94A02AFA7}
	EndProjectSection
EndProject
Project("{8BC9CEB8-8B4A-11D0-8D11-00A0C91BC942}") = "zlib", "lpng1637\projects\vstudio\zlib\zlib.vcxproj", "{60F89955-91C6-3A36-8000-13C592FEC2DF}"
EndProject
Project("{8BC9CEB8-8B4A-11D0-8D11-00A0C91BC942}") = "libpng", "lpng1637\projects\vstudio\libpng\libpng.vcxproj", "{D6973076-9317-4EF2-A0B8-B7A18AC0713E}"
	ProjectSection(ProjectDependencies) = postProject
		{60F89955-91C6-3A36-8000-13C592FEC2DF} = {60F89955-91C6-3A36-8000-13C592FEC2DF}
	EndProjectSection
EndProject
Global
	GlobalSection(SolutionConfigurationPlatforms) = preSolution
		Debug|x64 = Debug|x64
		Debug|x86 = Debug|x86
		Release|x64 = Release|x64
		Release|x86 = Release|x86
	EndGlobalSection
	GlobalSection(ProjectConfigurationPlatforms) = postSolution
		{81CE8DAF-EBB2-4761-8E45-B71ABCCA8C68}.Debug Library|x64.ActiveCfg = Debug|x64
		{81CE8DAF-EBB2-4761-8E45-B71ABCCA8C68}.Debug Library|x64.Build.0 = Debug|x64
		{81CE8DAF-EBB2-4761-8E45-B71ABCCA8C68}.Debug Library|x86.ActiveCfg = Debug|Win32
		{81CE8DAF-EBB2-4761-8E45-B71ABCCA8C68}.Debug Library|x86.Build.0 = Debug|Win32
		{81CE8DAF-EBB2-4761-8E45-B71ABCCA8C68}.Debug|x64.ActiveCfg = Debug|x64
		{81CE8DAF-EBB2-4761-8E45-B71ABCCA8C68}.Debug|x64.Build.0 = Debug|x64
		{81CE8DAF-EBB2-4761-8E45-B71ABCCA8C68}.Debug|x86.ActiveCfg = Debug|Win32
		{81CE8DAF-EBB2-4761-8E45-B71ABCCA8C68}.Debug|x86.Build.0 = Debug|Win32
		{81CE8DAF-EBB2-4761-8E45-B71ABCCA8C68}.DebugDLL|x64.ActiveCfg = Debug|x64
		{81CE8DAF-EBB2-4761-8E45-B71ABCCA8C68}.DebugDLL|x64.Build.0 = Debug|x64
		{81CE8DAF-EBB2-4761-8E45-B71ABCCA8C68}.DebugDLL|x86.ActiveCfg = Debug|Win32
		{81CE8DAF-EBB2-4761-8E45-B71ABCCA8C68}.DebugDLL|x86.Build.0 = Debug|Win32
		{81CE8DAF-EBB2-4761-8E45-B71ABCCA8C68}.Release Library|x64.ActiveCfg = Release|x64
		{81CE8DAF-EBB2-4761-8E45-B71ABCCA8C68}.Release Library|x64.Build.0 = Release|x64
		{81CE8DAF-EBB2-4761-8E45-B71ABCCA8C68}.Release Library|x86.ActiveCfg = Release|Win32
		{81CE8DAF-EBB2-4761-8E45-B71ABCCA8C68}.Release Library|x86.Build.0 = Release|Win32
		{81CE8DAF-EBB2-4761-8E45-B71ABCCA8C68}.Release|x64.ActiveCfg = Release|x64
		{81CE8DAF-EBB2-4761-8E45-B71ABCCA8C68}.Release|x64.Build.0 = Release|x64
		{81CE8DAF-EBB2-4761-8E45-B71ABCCA8C68}.Release|x86.ActiveCfg = Release|Win32
		{81CE8DAF-EBB2-4761-8E45-B71ABCCA8C68}.Release|x86.Build.0 = Release|Win32
		{81CE8DAF-EBB2-4761-8E45-B71ABCCA8C68}.ReleaseDLL|x64.ActiveCfg = Release|x64
		{81CE8DAF-EBB2-4761-8E45-B71ABCCA8C68}.ReleaseDLL|x64.Build.0 = Release|x64
		{81CE8DAF-EBB2-4761-8E45-B71ABCCA8C68}.ReleaseDLL|x86.ActiveCfg = Release|Win32
		{81CE8DAF-EBB2-4761-8E45-B71ABCCA8C68}.ReleaseDLL|x86.Build.0 = Release|Win32
		{DA956FD3-E142-46F2-9DD5-C78BEBB56B7A}.Debug Library|x64.ActiveCfg = Debug|x64
		{DA956FD3-E142-46F2-9DD5-C78BEBB56B7A}.Debug Library|x64.Build.0 = Debug|x64
		{DA956FD3-E142-46F2-9DD5-C78BEBB56B7A}.Debug Library|x64.Deploy.0 = Debug|x64
		{DA956FD3-E142-46F2-9DD5-C78BEBB56B7A}.Debug Library|x86.ActiveCfg = Debug|Win32
		{DA956FD3-E142-46F2-9DD5-C78BEBB56B7A}.Debug Library|x86.Build.0 = Debug|Win32
		{DA956FD3-E142-46F2-9DD5-C78BEBB56B7A}.Debug Library|x86.Deploy.0 = Debug|Win32
		{DA956FD3-E142-46F2-9DD5-C78BEBB56B7A}.Debug|x64.ActiveCfg = Debug|x64
		{DA956FD3-E142-46F2-9DD5-C78BEBB56B7A}.Debug|x64.Build.0 = Debug|x64
		{DA956FD3-E142-46F2-9DD5-C78BEBB56B7A}.Debug|x86.ActiveCfg = Debug|Win32
		{DA956FD3-E142-46F2-9DD5-C78BEBB56B7A}.Debug|x86.Build.0 = Debug|Win32
		{DA956FD3-E142-46F2-9DD5-C78BEBB56B7A}.DebugDLL|x64.ActiveCfg = Debug|x64
		{DA956FD3-E142-46F2-9DD5-C78BEBB56B7A}.DebugDLL|x64.Build.0 = Debug|x64
		{DA956FD3-E142-46F2-9DD5-C78BEBB56B7A}.DebugDLL|x64.Deploy.0 = Debug|x64
		{DA956FD3-E142-46F2-9DD5-C78BEBB56B7A}.DebugDLL|x86.ActiveCfg = Debug|Win32
		{DA956FD3-E142-46F2-9DD5-C78BEBB56B7A}.DebugDLL|x86.Build.0 = Debug|Win32
		{DA956FD3-E142-46F2-9DD5-C78BEBB56B7A}.DebugDLL|x86.Deploy.0 = Debug|Win32
		{DA956FD3-E142-46F2-9DD5-C78BEBB56B7A}.Release Library|x64.ActiveCfg = Release_NoSTDIO|x64
		{DA956FD3-E142-46F2-9DD5-C78BEBB56B7A}.Release Library|x64.Build.0 = Release_NoSTDIO|x64
		{DA956FD3-E142-46F2-9DD5-C78BEBB56B7A}.Release Library|x64.Deploy.0 = Release_NoSTDIO|x64
		{DA956FD3-E142-46F2-9DD5-C78BEBB56B7A}.Release Library|x86.ActiveCfg = Release_NoSTDIO|Win32
		{DA956FD3-E142-46F2-9DD5-C78BEBB56B7A}.Release Library|x86.Build.0 = Release_NoSTDIO|Win32
		{DA956FD3-E142-46F2-9DD5-C78BEBB56B7A}.Release Library|x86.Deploy.0 = Release_NoSTDIO|Win32
		{DA956FD3-E142-46F2-9DD5-C78BEBB56B7A}.Release|x64.ActiveCfg = Release|x64
		{DA956FD3-E142-46F2-9DD5-C78BEBB56B7A}.Release|x64.Build.0 = Release|x64
		{DA956FD3-E142-46F2-9DD5-C78BEBB56B7A}.Release|x86.ActiveCfg = Release|Win32
		{DA956FD3-E142-46F2-9DD5-C78BEBB56B7A}.Release|x86.Build.0 = Release|Win32
		{DA956FD3-E142-46F2-9DD5-C78BEBB56B7A}.ReleaseDLL|x64.ActiveCfg = Release_NoSTDIO|x64
		{DA956FD3-E142-46F2-9DD5-C78BEBB56B7A}.ReleaseDLL|x64.Build.0 = Release_NoSTDIO|x64
		{DA956FD3-E142-46F2-9DD5-C78BEBB56B7A}.ReleaseDLL|x64.Deploy.0 = Release_NoSTDIO|x64
		{DA956FD3-E142-46F2-9DD5-C78BEBB56B7A}.ReleaseDLL|x86.ActiveCfg = Release_NoSTDIO|Win32
		{DA956FD3-E142-46F2-9DD5-C78BEBB56B7A}.ReleaseDLL|x86.Build.0 = Release_NoSTDIO|Win32
		{DA956FD3-E142-46F2-9DD5-C78BEBB56B7A}.ReleaseDLL|x86.Deploy.0 = Release_NoSTDIO|Win32
		{2BD5534E-00E2-4BEA-AC96-D9A92EA24696}.Debug Library|x64.ActiveCfg = Debug|x64
		{2BD5534E-00E2-4BEA-AC96-D9A92EA24696}.Debug Library|x64.Build.0 = Debug|x64
		{2BD5534E-00E2-4BEA-AC96-D9A92EA24696}.Debug Library|x64.Deploy.0 = Debug|x64
		{2BD5534E-00E2-4BEA-AC96-D9A92EA24696}.Debug Library|x86.ActiveCfg = Debug|Win32
		{2BD5534E-00E2-4BEA-AC96-D9A92EA24696}.Debug Library|x86.Build.0 = Debug|Win32
		{2BD5534E-00E2-4BEA-AC96-D9A92EA24696}.Debug Library|x86.Deploy.0 = Debug|Win32
		{2BD5534E-00E2-4BEA-AC96-D9A92EA24696}.Debug|x64.ActiveCfg = Debug|x64
		{2BD5534E-00E2-4BEA-AC96-D9A92EA24696}.Debug|x64.Build.0 = Debug|x64
		{2BD5534E-00E2-4BEA-AC96-D9A92EA24696}.Debug|x86.ActiveCfg = Debug|Win32
		{2BD5534E-00E2-4BEA-AC96-D9A92EA24696}.Debug|x86.Build.0 = Debug|Win32
		{2BD5534E-00E2-4BEA-AC96-D9A92EA24696}.DebugDLL|x64.ActiveCfg = Debug|x64
		{2BD5534E-00E2-4BEA-AC96-D9A92EA24696}.DebugDLL|x64.Build.0 = Debug|x64
		{2BD5534E-00E2-4BEA-AC96-D9A92EA24696}.DebugDLL|x64.Deploy.0 = Debug|x64
		{2BD5534E-00E2-4BEA-AC96-D9A92EA24696}.DebugDLL|x86.ActiveCfg = Debug|Win32
		{2BD5534E-00E2-4BEA-AC96-D9A92EA24696}.DebugDLL|x86.Build.0 = Debug|Win32
		{2BD5534E-00E2-4BEA-AC96-D9A92EA24696}.DebugDLL|x86.Deploy.0 = Debug|Win32
		{2BD5534E-00E2-4BEA-AC96-D9A92EA24696}.Release Library|x64.ActiveCfg = Release|x64
		{2BD5534E-00E2-4BEA-AC96-D9A92EA24696}.Release Library|x64.Build.0 = Release|x64
		{2BD5534E-00E2-4BEA-AC96-D9A92EA24696}.Release Library|x64.Deploy.0 = Release|x64
		{2BD5534E-00E2-4BEA-AC96-D9A92EA24696}.Release Library|x86.ActiveCfg = Release|Win32
		{2BD5534E-00E2-4BEA-AC96-D9A92EA24696}.Release Library|x86.Build.0 = Release|Win32
		{2BD5534E-00E2-4BEA-AC96-D9A92EA24696}.Release Library|x86.Deploy.0 = Release|Win32
		{2BD5534E-00E2-4BEA-AC96-D9A92EA24696}.Release|x64.ActiveCfg = Release|x64
		{2BD5534E-00E2-4BEA-AC96-D9A92EA24696}.Release|x64.Build.0 = Release|x64
		{2BD5534E-00E2-4BEA-AC96-D9A92EA24696}.Release|x86.ActiveCfg = Release|Win32
		{2BD5534E-00E2-4BEA-AC96-D9A92EA24696}.Release|x86.Build.0 = Release|Win32
		{2BD5534E-00E2-4BEA-AC96-D9A92EA24696}.ReleaseDLL|x64.ActiveCfg = Release|x64
		{2BD5534E-00E2-4BEA-AC96-D9A92EA24696}.ReleaseDLL|x64.Build.0 = Release|x64
		{2BD5534E-00E2-4BEA-AC96-D9A92EA24696}.ReleaseDLL|x64.Deploy.0 = Release|x64
		{2BD5534E-00E2-4BEA-AC96-D9A92EA24696}.ReleaseDLL|x86.ActiveCfg = Release|Win32
		{2BD5534E-00E2-4BEA-AC96-D9A92EA24696}.ReleaseDLL|x86.Build.0 = Release|Win32
		{2BD5534E-00E2-4BEA-AC96-D9A92EA24696}.ReleaseDLL|x86.Deploy.0 = Release|Win32
		{F7E944B3-0815-40CD-B3E4-90B2A15B0E33}.Debug Library|x64.ActiveCfg = Debug|x64
		{F7E944B3-0815-40CD-B3E4-90B2A15B0E33}.Debug Library|x64.Build.0 = Debug|x64
		{F7E944B3-0815-40CD-B3E4-90B2A15B0E33}.Debug Library|x64.Deploy.0 = Debug|x64
		{F7E944B3-0815-40CD-B3E4-90B2A15B0E33}.Debug Library|x86.ActiveCfg = Debug|Win32
		{F7E944B3-0815-40CD-B3E4-90B2A15B0E33}.Debug Library|x86.Build.0 = Debug|Win32
		{F7E944B3-0815-40CD-B3E4-90B2A15B0E33}.Debug Library|x86.Deploy.0 = Debug|Win32
		{F7E944B3-0815-40CD-B3E4-90B2A15B0E33}.Debug|x64.ActiveCfg = Debug|x64
		{F7E944B3-0815-40CD-B3E4-90B2A15B0E33}.Debug|x64.Build.0 = Debug|x64
		{F7E944B3-0815-40CD-B3E4-90B2A15B0E33}.Debug|x86.ActiveCfg = Debug|Win32
		{F7E944B3-0815-40CD-B3E4-90B2A15B0E33}.Debug|x86.Build.0 = Debug|Win32
		{F7E944B3-0815-40CD-B3E4-90B2A15B0E33}.DebugDLL|x64.ActiveCfg = Debug|x64
		{F7E944B3-0815-40CD-B3E4-90B2A15B0E33}.DebugDLL|x64.Build.0 = Debug|x64
		{F7E944B3-0815-40CD-B3E4-90B2A15B0E33}.DebugDLL|x64.Deploy.0 = Debug|x64
		{F7E944B3-0815-40CD-B3E4-90B2A15B0E33}.DebugDLL|x86.ActiveCfg = Debug|Win32
		{F7E944B3-0815-40CD-B3E4-90B2A15B0E33}.DebugDLL|x86.Build.0 = Debug|Win32
		{F7E944B3-0815-40CD-B3E4-90B2A15B0E33}.DebugDLL|x86.Deploy.0 = Debug|Win32
		{F7E944B3-0815-40CD-B3E4-90B2A15B0E33}.Release Library|x64.ActiveCfg = Release|x64
		{F7E944B3-0815-40CD-B3E4-90B2A15B0E33}.Release Library|x64.Build.0 = Release|x64
		{F7E944B3-0815-40CD-B3E4-90B2A15B0E33}.Release Library|x64.Deploy.0 = Release|x64
		{F7E944B3-0815-40CD-B3E4-90B2A15B0E33}.Release Library|x86.ActiveCfg = Release|Win32
		{F7E944B3-0815-40CD-B3E4-90B2A15B0E33}.Release Library|x86.Build.0 = Release|Win32
		{F7E944B3-0815-40CD-B3E4-90B2A15B0E33}.Release Library|x86.Deploy.0 = Release|Win32
		{F7E944B3-0815-40CD-B3E4-90B2A15B0E33}.Release|x64.ActiveCfg = Release|x64
		{F7E944B3-0815-40CD-B3E4-90B2A15B0E33}.Release|x64.Build.0 = Release|x64
		{F7E944B3-0815-40CD-B3E4-90B2A15B0E33}.Release|x86.ActiveCfg = Release|Win32
		{F7E944B3-0815-40CD-B3E4-90B2A15B0E33}.Release|x86.Build.0 = Release|Win32
		{F7E944B3-0815-40CD-B3E4-90B2A15B0E33}.ReleaseDLL|x64.ActiveCfg = Release|x64
		{F7E944B3-0815-40CD-B3E4-90B2A15B0E33}.ReleaseDLL|x64.Build.0 = Release|x64
		{F7E944B3-0815-40CD-B3E4-90B2A15B0E33}.ReleaseDLL|x64.Deploy.0 = Release|x64
		{F7E944B3-0815-40CD-B3E4-90B2A15B0E33}.ReleaseDLL|x86.ActiveCfg = Release|Win32
		{F7E944B3-0815-40CD-B3E4-90B2A15B0E33}.ReleaseDLL|x86.Build.0 = Release|Win32
		{F7E944B3-0815-40CD-B3E4-90B2A15B0E33}.ReleaseDLL|x86.Deploy.0 = Release|Win32
		{DDDBD07D-DC76-4AF6-8D02-3E2DEB6EE255}.Debug Library|x64.ActiveCfg = Debug|x64
		{DDDBD07D-DC76-4AF6-8D02-3E2DEB6EE255}.Debug Library|x64.Build.0 = Debug|x64
		{DDDBD07D-DC76-4AF6-8D02-3E2DEB6EE255}.Debug Library|x64.Deploy.0 = Debug|x64
		{DDDBD07D-DC76-4AF6-8D02-3E2DEB6EE255}.Debug Library|x86.ActiveCfg = Debug|Win32
		{DDDBD07D-DC76-4AF6-8D02-3E2DEB6EE255}.Debug Library|x86.Build.0 = Debug|Win32
		{DDDBD07D-DC76-4AF6-8D02-3E2DEB6EE255}.Debug Library|x86.Deploy.0 = Debug|Win32
		{DDDBD07D-DC76-4AF6-8D02-3E2DEB6EE255}.Debug|x64.ActiveCfg = Debug|x64
		{DDDBD07D-DC76-4AF6-8D02-3E2DEB6EE255}.Debug|x64.Build.0 = Debug|x64
		{DDDBD07D-DC76-4AF6-8D02-3E2DEB6EE255}.Debug|x86.ActiveCfg = Debug|Win32
		{DDDBD07D-DC76-4AF6-8D02-3E2DEB6EE255}.Debug|x86.Build.0 = Debug|Win32
		{DDDBD07D-DC76-4AF6-8D02-3E2DEB6EE255}.DebugDLL|x64.ActiveCfg = Debug|x64
		{DDDBD07D-DC76-4AF6-8D02-3E2DEB6EE255}.DebugDLL|x64.Build.0 = Debug|x64
		{DDDBD07D-DC76-4AF6-8D02-3E2DEB6EE255}.DebugDLL|x64.Deploy.0 = Debug|x64
		{DDDBD07D-DC76-4AF6-8D02-3E2DEB6EE255}.DebugDLL|x86.ActiveCfg = Debug|Win32
		{DDDBD07D-DC76-4AF6-8D02-3E2DEB6EE255}.DebugDLL|x86.Build.0 = Debug|Win32
		{DDDBD07D-DC76-4AF6-8D02-3E2DEB6EE255}.DebugDLL|x86.Deploy.0 = Debug|Win32
		{DDDBD07D-DC76-4AF6-8D02-3E2DEB6EE255}.Release Library|x64.ActiveCfg = Release|x64
		{DDDBD07D-DC76-4AF6-8D02-3E2DEB6EE255}.Release Library|x64.Build.0 = Release|x64
		{DDDBD07D-DC76-4AF6-8D02-3E2DEB6EE255}.Release Library|x64.Deploy.0 = Release|x64
		{DDDBD07D-DC76-4AF6-8D02-3E2DEB6EE255}.Release Library|x86.ActiveCfg = Release|Win32
		{DDDBD07D-DC76-4AF6-8D02-3E2DEB6EE255}.Release Library|x86.Build.0 = Release|Win32
		{DDDBD07D-DC76-4AF6-8D02-3E2DEB6EE255}.Release Library|x86.Deploy.0 = Release|Win32
		{DDDBD07D-DC76-4AF6-8D02-3E2DEB6EE255}.Release|x64.ActiveCfg = Release|x64
		{DDDBD07D-DC76-4AF6-8D02-3E2DEB6EE255}.Release|x64.Build.0 = Release|x64
		{DDDBD07D-DC76-4AF6-8D02-3E2DEB6EE255}.Release|x86.ActiveCfg = Release|Win32
		{DDDBD07D-DC76-4AF6-8D02-3E2DEB6EE255}.Release|x86.Build.0 = Release|Win32
		{DDDBD07D-DC76-4AF6-8D02-3E2DEB6EE255}.ReleaseDLL|x64.ActiveCfg = Release|x64
		{DDDBD07D-DC76-4AF6-8D02-3E2DEB6EE255}.ReleaseDLL|x64.Build.0 = Release|x64
		{DDDBD07D-DC76-4AF6-8D02-3E2DEB6EE255}.ReleaseDLL|x64.Deploy.0 = Release|x64
		{DDDBD07D-DC76-4AF6-8D02-3E2DEB6EE255}.ReleaseDLL|x86.ActiveCfg = Release|Win32
		{DDDBD07D-DC76-4AF6-8D02-3E2DEB6EE255}.ReleaseDLL|x86.Build.0 = Release|Win32
		{DDDBD07D-DC76-4AF6-8D02-3E2DEB6EE255}.ReleaseDLL|x86.Deploy.0 = Release|Win32
		{44F58895-33BD-4BA9-BA5D-344B6D40A868}.Debug Library|x64.ActiveCfg = Debug|x64
		{44F58895-33BD-4BA9-BA5D-344B6D40A868}.Debug Library|x64.Build.0 = Debug|x64
		{44F58895-33BD-4BA9-BA5D-344B6D40A868}.Debug Library|x64.Deploy.0 = Debug|x64
		{44F58895-33BD-4BA9-BA5D-344B6D40A868}.Debug Library|x86.ActiveCfg = Debug|Win32
		{44F58895-33BD-4BA9-BA5D-344B6D40A868}.Debug Library|x86.Build.0 = Debug|Win32
		{44F58895-33BD-4BA9-BA5D-344B6D40A868}.Debug Library|x86.Deploy.0 = Debug|Win32
		{44F58895-33BD-4BA9-BA5D-344B6D40A868}.Debug|x64.ActiveCfg = Debug|x64
		{44F58895-33BD-4BA9-BA5D-344B6D40A868}.Debug|x64.Build.0 = Debug|x64
		{44F58895-33BD-4BA9-BA5D-344B6D40A868}.Debug|x86.ActiveCfg = Debug|Win32
		{44F58895-33BD-4BA9-BA5D-344B6D40A868}.Debug|x86.Build.0 = Debug|Win32
		{44F58895-33BD-4BA9-BA5D-344B6D40A868}.DebugDLL|x64.ActiveCfg = Debug|x64
		{44F58895-33BD-4BA9-BA5D-344B6D40A868}.DebugDLL|x64.Build.0 = Debug|x64
		{44F58895-33BD-4BA9-BA5D-344B6D40A868}.DebugDLL|x64.Deploy.0 = Debug|x64
		{44F58895-33BD-4BA9-BA5D-344B6D40A868}.DebugDLL|x86.ActiveCfg = Debug|Win32
		{44F58895-33BD-4BA9-BA5D-344B6D40A868}.DebugDLL|x86.Build.0 = Debug|Win32
		{44F58895-33BD-4BA9-BA5D-344B6D40A868}.DebugDLL|x86.Deploy.0 = Debug|Win32
		{44F58895-33BD-4BA9-BA5D-344B6D40A868}.Release Library|x64.ActiveCfg = Release|x64
		{44F58895-33BD-4BA9-BA5D-344B6D40A868}.Release Library|x64.Build.0 = Release|x64
		{44F58895-33BD-4BA9-BA5D-344B6D40A868}.Release Library|x64.Deploy.0 = Release|x64
		{44F58895-33BD-4BA9-BA5D-344B6D40A868}.Release Library|x86.ActiveCfg = Release|Win32
		{44F58895-33BD-4BA9-BA5D-344B6D40A868}.Release Library|x86.Build.0 = Release|Win32
		{44F58895-33BD-4BA9-BA5D-344B6D40A868}.Release Library|x86.Deploy.0 = Release|Win32
		{44F58895-33BD-4BA9-BA5D-344B6D40A868}.Release|x64.ActiveCfg = Release|x64
		{44F58895-33BD-4BA9-BA5D-344B6D40A868}.Release|x64.Build.0 = Release|x64
		{44F58895-33BD-4BA9-BA5D-344B6D40A868}.Release|x86.ActiveCfg = Release|Win32
		{44F58895-33BD-4BA9-BA5D-344B6D40A868}.Release|x86.Build.0 = Release|Win32
		{44F58895-33BD-4BA9-BA5D-344B6D40A868}.ReleaseDLL|x64.ActiveCfg = Release|x64
		{44F58895-33BD-4BA9-BA5D-344B6D40A868}.ReleaseDLL|x64.Build.0 = Release|x64
		{44F58895-33BD-4BA9-BA5D-344B6D40A868}.ReleaseDLL|x64.Deploy.0 = Release|x64
		{44F58895-33BD-4BA9-BA5D-344B6D40A868}.ReleaseDLL|x86.ActiveCfg = Release|Win32
		{44F58895-33BD-4BA9-BA5D-344B6D40A868}.ReleaseDLL|x86.Build.0 = Release|Win32
		{44F58895-33BD-4BA9-BA5D-344B6D40A868}.ReleaseDLL|x86.Deploy.0 = Release|Win32
		{BC815356-CC4E-48A3-BA56-CB32A2DB1D78}.Debug Library|x64.ActiveCfg = Debug|x64
		{BC815356-CC4E-48A3-BA56-CB32A2DB1D78}.Debug Library|x64.Build.0 = Debug|x64
		{BC815356-CC4E-48A3-BA56-CB32A2DB1D78}.Debug Library|x64.Deploy.0 = Debug|x64
		{BC815356-CC4E-48A3-BA56-CB32A2DB1D78}.Debug Library|x86.ActiveCfg = Debug|Win32
		{BC815356-CC4E-48A3-BA56-CB32A2DB1D78}.Debug Library|x86.Build.0 = Debug|Win32
		{BC815356-CC4E-48A3-BA56-CB32A2DB1D78}.Debug Library|x86.Deploy.0 = Debug|Win32
		{BC815356-CC4E-48A3-BA56-CB32A2DB1D78}.Debug|x64.ActiveCfg = Debug|x64
		{BC815356-CC4E-48A3-BA56-CB32A2DB1D78}.Debug|x64.Build.0 = Debug|x64
		{BC815356-CC4E-48A3-BA56-CB32A2DB1D78}.Debug|x86.ActiveCfg = Debug|Win32
		{BC815356-CC4E-48A3-BA56-CB32A2DB1D78}.Debug|x86.Build.0 = Debug|Win32
		{BC815356-CC4E-48A3-BA56-CB32A2DB1D78}.DebugDLL|x64.ActiveCfg = Debug|x64
		{BC815356-CC4E-48A3-BA56-CB32A2DB1D78}.DebugDLL|x64.Build.0 = Debug|x64
		{BC815356-CC4E-48A3-BA56-CB32A2DB1D78}.DebugDLL|x64.Deploy.0 = Debug|x64
		{BC815356-CC4E-48A3-BA56-CB32A2DB1D78}.DebugDLL|x86.ActiveCfg = Debug|Win32
		{BC815356-CC4E-48A3-BA56-CB32A2DB1D78}.DebugDLL|x86.Build.0 = Debug|Win32
		{BC815356-CC4E-48A3-BA56-CB32A2DB1D78}.DebugDLL|x86.Deploy.0 = Debug|Win32
		{BC815356-CC4E-48A3-BA56-CB32A2DB1D78}.Release Library|x64.ActiveCfg = Release|x64
		{BC815356-CC4E-48A3-BA56-CB32A2DB1D78}.Release Library|x64.Build.0 = Release|x64
		{BC815356-CC4E-48A3-BA56-CB32A2DB1D78}.Release Library|x64.Deploy.0 = Release|x64
		{BC815356-CC4E-48A3-BA56-CB32A2DB1D78}.Release Library|x86.ActiveCfg = Release|Win32
		{BC815356-CC4E-48A3-BA56-CB32A2DB1D78}.Release Library|x86.Build.0 = Release|Win32
		{BC815356-CC4E-48A3-BA56-CB32A2DB1D78}.Release Library|x86.Deploy.0 = Release|Win32
		{BC815356-CC4E-48A3-BA56-CB32A2DB1D78}.Release|x64.ActiveCfg = Release|x64
		{BC815356-CC4E-48A3-BA56-CB32A2DB1D78}.Release|x64.Build.0 = Release|x64
		{BC815356-CC4E-48A3-BA56-CB32A2DB1D78}.Release|x86.ActiveCfg = Release|Win32
		{BC815356-CC4E-48A3-BA56-CB32A2DB1D78}.Release|x86.Build.0 = Release|Win32
		{BC815356-CC4E-48A3-BA56-CB32A2DB1D78}.ReleaseDLL|x64.ActiveCfg = Release|x64
		{BC815356-CC4E-48A3-BA56-CB32A2DB1D78}.ReleaseDLL|x64.Build.0 = Release|x64
		{BC815356-CC4E-48A3-BA56-CB32A2DB1D78}.ReleaseDLL|x64.Deploy.0 = Release|x64
		{BC815356-CC4E-48A3-BA56-CB32A2DB1D78}.ReleaseDLL|x86.ActiveCfg = Release|Win32
		{BC815356-CC4E-48A3-BA56-CB32A2DB1D78}.ReleaseDLL|x86.Build.0 = Release|Win32
		{BC815356-CC4E-48A3-BA56-CB32A2DB1D78}.ReleaseDLL|x86.Deploy.0 = Release|Win32
		{23E562DF-0546-4FB1-991A-7D5F856AD4BC}.Debug Library|x64.ActiveCfg = Debug|x64
		{23E562DF-0546-4FB1-991A-7D5F856AD4BC}.Debug Library|x64.Build.0 = Debug|x64
		{23E562DF-0546-4FB1-991A-7D5F856AD4BC}.Debug Library|x64.Deploy.0 = Debug|x64
		{23E562DF-0546-4FB1-991A-7D5F856AD4BC}.Debug Library|x86.ActiveCfg = Debug|Win32
		{23E562DF-0546-4FB1-991A-7D5F856AD4BC}.Debug Library|x86.Build.0 = Debug|Win32
		{23E562DF-0546-4FB1-991A-7D5F856AD4BC}.Debug Library|x86.Deploy.0 = Debug|Win32
		{23E562DF-0546-4FB1-991A-7D5F856AD4BC}.Debug|x64.ActiveCfg = Debug|x64
		{23E562DF-0546-4FB1-991A-7D5F856AD4BC}.Debug|x64.Build.0 = Debug|x64
		{23E562DF-0546-4FB1-991A-7D5F856AD4BC}.Debug|x86.ActiveCfg = Debug|Win32
		{23E562DF-0546-4FB1-991A-7D5F856AD4BC}.Debug|x86.Build.0 = Debug|Win32
		{23E562DF-0546-4FB1-991A-7D5F856AD4BC}.DebugDLL|x64.ActiveCfg = Debug|x64
		{23E562DF-0546-4FB1-991A-7D5F856AD4BC}.DebugDLL|x64.Build.0 = Debug|x64
		{23E562DF-0546-4FB1-991A-7D5F856AD4BC}.DebugDLL|x64.Deploy.0 = Debug|x64
		{23E562DF-0546-4FB1-991A-7D5F856AD4BC}.DebugDLL|x86.ActiveCfg = Debug|Win32
		{23E562DF-0546-4FB1-991A-7D5F856AD4BC}.DebugDLL|x86.Build.0 = Debug|Win32
		{23E562DF-0546-4FB1-991A-7D5F856AD4BC}.DebugDLL|x86.Deploy.0 = Debug|Win32
		{23E562DF-0546-4FB1-991A-7D5F856AD4BC}.Release Library|x64.ActiveCfg = Release|x64
		{23E562DF-0546-4FB1-991A-7D5F856AD4BC}.Release Library|x64.Build.0 = Release|x64
		{23E562DF-0546-4FB1-991A-7D5F856AD4BC}.Release Library|x64.Deploy.0 = Release|x64
		{23E562DF-0546-4FB1-991A-7D5F856AD4BC}.Release Library|x86.ActiveCfg = Release|Win32
		{23E562DF-0546-4FB1-991A-7D5F856AD4BC}.Release Library|x86.Build.0 = Release|Win32
		{23E562DF-0546-4FB1-991A-7D5F856AD4BC}.Release Library|x86.Deploy.0 = Release|Win32
		{23E562DF-0546-4FB1-991A-7D5F856AD4BC}.Release|x64.ActiveCfg = Release|x64
		{23E562DF-0546-4FB1-991A-7D5F856AD4BC}.Release|x64.Build.0 = Release|x64
		{23E562DF-0546-4FB1-991A-7D5F856AD4BC}.Release|x86.ActiveCfg = Release|Win32
		{23E562DF-0546-4FB1-991A-7D5F856AD4BC}.Release|x86.Build.0 = Release|Win32
		{23E562DF-0546-4FB1-991A-7D5F856AD4BC}.ReleaseDLL|x64.ActiveCfg = Release|x64
		{23E562DF-0546-4FB1-991A-7D5F856AD4BC}.ReleaseDLL|x64.Build.0 = Release|x64
		{23E562DF-0546-4FB1-991A-7D5F856AD4BC}.ReleaseDLL|x64.Deploy.0 = Release|x64
		{23E562DF-0546-4FB1-991A-7D5F856AD4BC}.ReleaseDLL|x86.ActiveCfg = Release|Win32
		{23E562DF-0546-4FB1-991A-7D5F856AD4BC}.ReleaseDLL|x86.Build.0 = Release|Win32
		{23E562DF-0546-4FB1-991A-7D5F856AD4BC}.ReleaseDLL|x86.Deploy.0 = Release|Win32
		{78B079BD-9FC7-4B9E-B4A6-96DA0F00248B}.Debug Library|x64.ActiveCfg = Debug Static|x64
		{78B079BD-9FC7-4B9E-B4A6-96DA0F00248B}.Debug Library|x64.Build.0 = Debug Static|x64
		{78B079BD-9FC7-4B9E-B4A6-96DA0F00248B}.Debug Library|x64.Deploy.0 = Debug Static|x64
		{78B079BD-9FC7-4B9E-B4A6-96DA0F00248B}.Debug Library|x86.ActiveCfg = Debug Static|Win32
		{78B079BD-9FC7-4B9E-B4A6-96DA0F00248B}.Debug Library|x86.Build.0 = Debug Static|Win32
		{78B079BD-9FC7-4B9E-B4A6-96DA0F00248B}.Debug Library|x86.Deploy.0 = Debug Static|Win32
		{78B079BD-9FC7-4B9E-B4A6-96DA0F00248B}.Debug|x64.ActiveCfg = Debug|x64
		{78B079BD-9FC7-4B9E-B4A6-96DA0F00248B}.Debug|x64.Build.0 = Debug|x64
		{78B079BD-9FC7-4B9E-B4A6-96DA0F00248B}.Debug|x86.ActiveCfg = Debug|Win32
		{78B079BD-9FC7-4B9E-B4A6-96DA0F00248B}.Debug|x86.Build.0 = Debug|Win32
		{78B079BD-9FC7-4B9E-B4A6-96DA0F00248B}.DebugDLL|x64.ActiveCfg = Debug Static|x64
		{78B079BD-9FC7-4B9E-B4A6-96DA0F00248B}.DebugDLL|x64.Build.0 = Debug Static|x64
		{78B079BD-9FC7-4B9E-B4A6-96DA0F00248B}.DebugDLL|x64.Deploy.0 = Debug Static|x64
		{78B079BD-9FC7-4B9E-B4A6-96DA0F00248B}.DebugDLL|x86.ActiveCfg = Debug Static|Win32
		{78B079BD-9FC7-4B9E-B4A6-96DA0F00248B}.DebugDLL|x86.Build.0 = Debug Static|Win32
		{78B079BD-9FC7-4B9E-B4A6-96DA0F00248B}.DebugDLL|x86.Deploy.0 = Debug Static|Win32
		{78B079BD-9FC7-4B9E-B4A6-96DA0F00248B}.Release Library|x64.ActiveCfg = Release Static|x64
		{78B079BD-9FC7-4B9E-B4A6-96DA0F00248B}.Release Library|x64.Build.0 = Release Static|x64
		{78B079BD-9FC7-4B9E-B4A6-96DA0F00248B}.Release Library|x64.Deploy.0 = Release Static|x64
		{78B079BD-9FC7-4B9E-B4A6-96DA0F00248B}.Release Library|x86.ActiveCfg = Release Static|Win32
		{78B079BD-9FC7-4B9E-B4A6-96DA0F00248B}.Release Library|x86.Build.0 = Release Static|Win32
		{78B079BD-9FC7-4B9E-B4A6-96DA0F00248B}.Release Library|x86.Deploy.0 = Release Static|Win32
		{78B079BD-9FC7-4B9E-B4A6-96DA0F00248B}.Release|x64.ActiveCfg = Release|x64
		{78B079BD-9FC7-4B9E-B4A6-96DA0F00248B}.Release|x64.Build.0 = Release|x64
		{78B079BD-9FC7-4B9E-B4A6-96DA0F00248B}.Release|x86.ActiveCfg = Release|Win32
		{78B079BD-9FC7-4B9E-B4A6-96DA0F00248B}.Release|x86.Build.0 = Release|Win32
		{78B079BD-9FC7-4B9E-B4A6-96DA0F00248B}.ReleaseDLL|x64.ActiveCfg = Release Static|x64
		{78B079BD-9FC7-4B9E-B4A6-96DA0F00248B}.ReleaseDLL|x64.Build.0 = Release Static|x64
		{78B079BD-9FC7-4B9E-B4A6-96DA0F00248B}.ReleaseDLL|x64.Deploy.0 = Release Static|x64
		{78B079BD-9FC7-4B9E-B4A6-96DA0F00248B}.ReleaseDLL|x86.ActiveCfg = Release Static|Win32
		{78B079BD-9FC7-4B9E-B4A6-96DA0F00248B}.ReleaseDLL|x86.Build.0 = Release Static|Win32
		{78B079BD-9FC7-4B9E-B4A6-96DA0F00248B}.ReleaseDLL|x86.Deploy.0 = Release Static|Win32
		{EBDA67CA-4A23-4F22-BFBC-B8DBE0580D4F}.Debug Library|x64.ActiveCfg = Debug|x64
		{EBDA67CA-4A23-4F22-BFBC-B8DBE0580D4F}.Debug Library|x64.Build.0 = Debug|x64
		{EBDA67CA-4A23-4F22-BFBC-B8DBE0580D4F}.Debug Library|x64.Deploy.0 = Debug|x64
		{EBDA67CA-4A23-4F22-BFBC-B8DBE0580D4F}.Debug Library|x86.ActiveCfg = Debug|Win32
		{EBDA67CA-4A23-4F22-BFBC-B8DBE0580D4F}.Debug Library|x86.Build.0 = Debug|Win32
		{EBDA67CA-4A23-4F22-BFBC-B8DBE0580D4F}.Debug Library|x86.Deploy.0 = Debug|Win32
		{EBDA67CA-4A23-4F22-BFBC-B8DBE0580D4F}.Debug|x64.ActiveCfg = Debug|x64
		{EBDA67CA-4A23-4F22-BFBC-B8DBE0580D4F}.Debug|x64.Build.0 = Debug|x64
		{EBDA67CA-4A23-4F22-BFBC-B8DBE0580D4F}.Debug|x86.ActiveCfg = Debug|Win32
		{EBDA67CA-4A23-4F22-BFBC-B8DBE0580D4F}.Debug|x86.Build.0 = Debug|Win32
		{EBDA67CA-4A23-4F22-BFBC-B8DBE0580D4F}.DebugDLL|x64.ActiveCfg = Debug|x64
		{EBDA67CA-4A23-4F22-BFBC-B8DBE0580D4F}.DebugDLL|x64.Build.0 = Debug|x64
		{EBDA67CA-4A23-4F22-BFBC-B8DBE0580D4F}.DebugDLL|x64.Deploy.0 = Debug|x64
		{EBDA67CA-4A23-4F22-BFBC-B8DBE0580D4F}.DebugDLL|x86.ActiveCfg = Debug|Win32
		{EBDA67CA-4A23-4F22-BFBC-B8DBE0580D4F}.DebugDLL|x86.Build.0 = Debug|Win32
		{EBDA67CA-4A23-4F22-BFBC-B8DBE0580D4F}.DebugDLL|x86.Deploy.0 = Debug|Win32
		{EBDA67CA-4A23-4F22-BFBC-B8DBE0580D4F}.Release Library|x64.ActiveCfg = Release|x64
		{EBDA67CA-4A23-4F22-BFBC-B8DBE0580D4F}.Release Library|x64.Build.0 = Release|x64
		{EBDA67CA-4A23-4F22-BFBC-B8DBE0580D4F}.Release Library|x64.Deploy.0 = Release|x64
		{EBDA67CA-4A23-4F22-BFBC-B8DBE0580D4F}.Release Library|x86.ActiveCfg = Release|Win32
		{EBDA67CA-4A23-4F22-BFBC-B8DBE0580D4F}.Release Library|x86.Build.0 = Release|Win32
		{EBDA67CA-4A23-4F22-BFBC-B8DBE0580D4F}.Release Library|x86.Deploy.0 = Release|Win32
		{EBDA67CA-4A23-4F22-BFBC-B8DBE0580D4F}.Release|x64.ActiveCfg = Release|x64
		{EBDA67CA-4A23-4F22-BFBC-B8DBE0580D4F}.Release|x64.Build.0 = Release|x64
		{EBDA67CA-4A23-4F22-BFBC-B8DBE0580D4F}.Release|x86.ActiveCfg = Release|Win32
		{EBDA67CA-4A23-4F22-BFBC-B8DBE0580D4F}.Release|x86.Build.0 = Release|Win32
		{EBDA67CA-4A23-4F22-BFBC-B8DBE0580D4F}.ReleaseDLL|x64.ActiveCfg = Release|x64
		{EBDA67CA-4A23-4F22-BFBC-B8DBE0580D4F}.ReleaseDLL|x64.Build.0 = Release|x64
		{EBDA67CA-4A23-4F22-BFBC-B8DBE0580D4F}.ReleaseDLL|x64.Deploy.0 = Release|x64
		{EBDA67CA-4A23-4F22-BFBC-B8DBE0580D4F}.ReleaseDLL|x86.ActiveCfg = Release|Win32
		{EBDA67CA-4A23-4F22-BFBC-B8DBE0580D4F}.ReleaseDLL|x86.Build.0 = Release|Win32
		{EBDA67CA-4A23-4F22-BFBC-B8DBE0580D4F}.ReleaseDLL|x86.Deploy.0 = Release|Win32
		{B162B6F1-E876-4D5F-A1F6-E3A6DC2F4A2C}.Debug Library|x64.ActiveCfg = Debug|x64
		{B162B6F1-E876-4D5F-A1F6-E3A6DC2F4A2C}.Debug Library|x64.Build.0 = Debug|x64
		{B162B6F1-E876-4D5F-A1F6-E3A6DC2F4A2C}.Debug Library|x64.Deploy.0 = Debug|x64
		{B162B6F1-E876-4D5F-A1F6-E3A6DC2F4A2C}.Debug Library|x86.ActiveCfg = Debug|Win32
		{B162B6F1-E876-4D5F-A1F6-E3A6DC2F4A2C}.Debug Library|x86.Build.0 = Debug|Win32
		{B162B6F1-E876-4D5F-A1F6-E3A6DC2F4A2C}.Debug Library|x86.Deploy.0 = Debug|Win32
		{B162B6F1-E876-4D5F-A1F6-E3A6DC2F4A2C}.Debug|x64.ActiveCfg = Debug|x64
		{B162B6F1-E876-4D5F-A1F6-E3A6DC2F4A2C}.Debug|x64.Build.0 = Debug|x64
		{B162B6F1-E876-4D5F-A1F6-E3A6DC2F4A2C}.Debug|x86.ActiveCfg = Debug|Win32
		{B162B6F1-E876-4D5F-A1F6-E3A6DC2F4A2C}.Debug|x86.Build.0 = Debug|Win32
		{B162B6F1-E876-4D5F-A1F6-E3A6DC2F4A2C}.DebugDLL|x64.ActiveCfg = Debug|x64
		{B162B6F1-E876-4D5F-A1F6-E3A6DC2F4A2C}.DebugDLL|x64.Build.0 = Debug|x64
		{B162B6F1-E876-4D5F-A1F6-E3A6DC2F4A2C}.DebugDLL|x64.Deploy.0 = Debug|x64
		{B162B6F1-E876-4D5F-A1F6-E3A6DC2F4A2C}.DebugDLL|x86.ActiveCfg = Debug|Win32
		{B162B6F1-E876-4D5F-A1F6-E3A6DC2F4A2C}.DebugDLL|x86.Build.0 = Debug|Win32
		{B162B6F1-E876-4D5F-A1F6-E3A6DC2F4A2C}.DebugDLL|x86.Deploy.0 = Debug|Win32
		{B162B6F1-E876-4D5F-A1F6-E3A6DC2F4A2C}.Release Library|x64.ActiveCfg = Release|x64
		{B162B6F1-E876-4D5F-A1F6-E3A6DC2F4A2C}.Release Library|x64.Build.0 = Release|x64
		{B162B6F1-E876-4D5F-A1F6-E3A6DC2F4A2C}.Release Library|x64.Deploy.0 = Release|x64
		{B162B6F1-E876-4D5F-A1F6-E3A6DC2F4A2C}.Release Library|x86.ActiveCfg = Release|Win32
		{B162B6F1-E876-4D5F-A1F6-E3A6DC2F4A2C}.Release Library|x86.Build.0 = Release|Win32
		{B162B6F1-E876-4D5F-A1F6-E3A6DC2F4A2C}.Release Library|x86.Deploy.0 = Release|Win32
		{B162B6F1-E876-4D5F-A1F6-E3A6DC2F4A2C}.Release|x64.ActiveCfg = Release|x64
		{B162B6F1-E876-4D5F-A1F6-E3A6DC2F4A2C}.Release|x64.Build.0 = Release|x64
		{B162B6F1-E876-4D5F-A1F6-E3A6DC2F4A2C}.Release|x86.ActiveCfg = Release|Win32
		{B162B6F1-E876-4D5F-A1F6-E3A6DC2F4A2C}.Release|x86.Build.0 = Release|Win32
		{B162B6F1-E876-4D5F-A1F6-E3A6DC2F4A2C}.ReleaseDLL|x64.ActiveCfg = Release|x64
		{B162B6F1-E876-4D5F-A1F6-E3A6DC2F4A2C}.ReleaseDLL|x64.Build.0 = Release|x64
		{B162B6F1-E876-4D5F-A1F6-E3A6DC2F4A2C}.ReleaseDLL|x64.Deploy.0 = Release|x64
		{B162B6F1-E876-4D5F-A1F6-E3A6DC2F4A2C}.ReleaseDLL|x86.ActiveCfg = Release|Win32
		{B162B6F1-E876-4D5F-A1F6-E3A6DC2F4A2C}.ReleaseDLL|x86.Build.0 = Release|Win32
		{B162B6F1-E876-4D5F-A1F6-E3A6DC2F4A2C}.ReleaseDLL|x86.Deploy.0 = Release|Win32
		{F26CC2AD-6B69-4CF9-B49E-A14C6B351360}.Debug Library|x64.ActiveCfg = Debug|x64
		{F26CC2AD-6B69-4CF9-B49E-A14C6B351360}.Debug Library|x64.Build.0 = Debug|x64
		{F26CC2AD-6B69-4CF9-B49E-A14C6B351360}.Debug Library|x64.Deploy.0 = Debug|x64
		{F26CC2AD-6B69-4CF9-B49E-A14C6B351360}.Debug Library|x86.ActiveCfg = Debug|Win32
		{F26CC2AD-6B69-4CF9-B49E-A14C6B351360}.Debug Library|x86.Build.0 = Debug|Win32
		{F26CC2AD-6B69-4CF9-B49E-A14C6B351360}.Debug Library|x86.Deploy.0 = Debug|Win32
		{F26CC2AD-6B69-4CF9-B49E-A14C6B351360}.Debug|x64.ActiveCfg = Debug|x64
		{F26CC2AD-6B69-4CF9-B49E-A14C6B351360}.Debug|x64.Build.0 = Debug|x64
		{F26CC2AD-6B69-4CF9-B49E-A14C6B351360}.Debug|x86.ActiveCfg = Debug|Win32
		{F26CC2AD-6B69-4CF9-B49E-A14C6B351360}.Debug|x86.Build.0 = Debug|Win32
		{F26CC2AD-6B69-4CF9-B49E-A14C6B351360}.DebugDLL|x64.ActiveCfg = Debug|x64
		{F26CC2AD-6B69-4CF9-B49E-A14C6B351360}.DebugDLL|x64.Build.0 = Debug|x64
		{F26CC2AD-6B69-4CF9-B49E-A14C6B351360}.DebugDLL|x64.Deploy.0 = Debug|x64
		{F26CC2AD-6B69-4CF9-B49E-A14C6B351360}.DebugDLL|x86.ActiveCfg = Debug|Win32
		{F26CC2AD-6B69-4CF9-B49E-A14C6B351360}.DebugDLL|x86.Build.0 = Debug|Win32
		{F26CC2AD-6B69-4CF9-B49E-A14C6B351360}.DebugDLL|x86.Deploy.0 = Debug|Win32
		{F26CC2AD-6B69-4CF9-B49E-A14C6B351360}.Release Library|x64.ActiveCfg = Release|x64
		{F26CC2AD-6B69-4CF9-B49E-A14C6B351360}.Release Library|x64.Build.0 = Release|x64
		{F26CC2AD-6B69-4CF9-B49E-A14C6B351360}.Release Library|x64.Deploy.0 = Release|x64
		{F26CC2AD-6B69-4CF9-B49E-A14C6B351360}.Release Library|x86.ActiveCfg = Release|Win32
		{F26CC2AD-6B69-4CF9-B49E-A14C6B351360}.Release Library|x86.Build.0 = Release|Win32
		{F26CC2AD-6B69-4CF9-B49E-A14C6B351360}.Release Library|x86.Deploy.0 = Release|Win32
		{F26CC2AD-6B69-4CF9-B49E-A14C6B351360}.Release|x64.ActiveCfg = Release|x64
		{F26CC2AD-6B69-4CF9-B49E-A14C6B351360}.Release|x64.Build.0 = Release|x64
		{F26CC2AD-6B69-4CF9-B49E-A14C6B351360}.Release|x86.ActiveCfg = Release|Win32
		{F26CC2AD-6B69-4CF9-B49E-A14C6B351360}.Release|x86.Build.0 = Release|Win32
		{F26CC2AD-6B69-4CF9-B49E-A14C6B351360}.ReleaseDLL|x64.ActiveCfg = Release|x64
		{F26CC2AD-6B69-4CF9-B49E-A14C6B351360}.ReleaseDLL|x64.Build.0 = Release|x64
		{F26CC2AD-6B69-4CF9-B49E-A14C6B351360}.ReleaseDLL|x64.Deploy.0 = Release|x64
		{F26CC2AD-6B69-4CF9-B49E-A14C6B351360}.ReleaseDLL|x86.ActiveCfg = Release|Win32
		{F26CC2AD-6B69-4CF9-B49E-A14C6B351360}.ReleaseDLL|x86.Build.0 = Release|Win32
		{F26CC2AD-6B69-4CF9-B49E-A14C6B351360}.ReleaseDLL|x86.Deploy.0 = Release|Win32
		{AFF27A26-C088-444B-BC2A-0BA94A02AFA7}.Debug Library|x64.ActiveCfg = DebugDLL|x64
		{AFF27A26-C088-444B-BC2A-0BA94A02AFA7}.Debug Library|x64.Build.0 = DebugDLL|x64
		{AFF27A26-C088-444B-BC2A-0BA94A02AFA7}.Debug Library|x86.ActiveCfg = DebugDLL|Win32
		{AFF27A26-C088-444B-BC2A-0BA94A02AFA7}.Debug Library|x86.Build.0 = DebugDLL|Win32
		{AFF27A26-C088-444B-BC2A-0BA94A02AFA7}.Debug|x64.ActiveCfg = Debug|x64
		{AFF27A26-C088-444B-BC2A-0BA94A02AFA7}.Debug|x64.Build.0 = Debug|x64
		{AFF27A26-C088-444B-BC2A-0BA94A02AFA7}.Debug|x86.ActiveCfg = Debug|Win32
		{AFF27A26-C088-444B-BC2A-0BA94A02AFA7}.Debug|x86.Build.0 = Debug|Win32
		{AFF27A26-C088-444B-BC2A-0BA94A02AFA7}.DebugDLL|x64.ActiveCfg = DebugDLL|x64
		{AFF27A26-C088-444B-BC2A-0BA94A02AFA7}.DebugDLL|x64.Build.0 = DebugDLL|x64
		{AFF27A26-C088-444B-BC2A-0BA94A02AFA7}.DebugDLL|x86.ActiveCfg = DebugDLL|Win32
		{AFF27A26-C088-444B-BC2A-0BA94A02AFA7}.DebugDLL|x86.Build.0 = DebugDLL|Win32
		{AFF27A26-C088-444B-BC2A-0BA94A02AFA7}.Release Library|x64.ActiveCfg = ReleaseDLL|x64
		{AFF27A26-C088-444B-BC2A-0BA94A02AFA7}.Release Library|x64.Build.0 = ReleaseDLL|x64
		{AFF27A26-C088-444B-BC2A-0BA94A02AFA7}.Release Library|x86.ActiveCfg = ReleaseDLL|Win32
		{AFF27A26-C088-444B-BC2A-0BA94A02AFA7}.Release Library|x86.Build.0 = ReleaseDLL|Win32
		{AFF27A26-C088-444B-BC2A-0BA94A02AFA7}.Release|x64.ActiveCfg = Release|x64
		{AFF27A26-C088-444B-BC2A-0BA94A02AFA7}.Release|x64.Build.0 = Release|x64
		{AFF27A26-C088-444B-BC2A-0BA94A02AFA7}.Release|x86.ActiveCfg = Release|Win32
		{AFF27A26-C088-444B-BC2A-0BA94A02AFA7}.Release|x86.Build.0 = Release|Win32
		{AFF27A26-C088-444B-BC2A-0BA94A02AFA7}.ReleaseDLL|x64.ActiveCfg = ReleaseDLL|x64
		{AFF27A26-C088-444B-BC2A-0BA94A02AFA7}.ReleaseDLL|x64.Build.0 = ReleaseDLL|x64
		{AFF27A26-C088-444B-BC2A-0BA94A02AFA7}.ReleaseDLL|x86.ActiveCfg = ReleaseDLL|Win32
		{AFF27A26-C088-444B-BC2A-0BA94A02AFA7}.ReleaseDLL|x86.Build.0 = ReleaseDLL|Win32
		{3A214E06-B95E-4D61-A291-1F8DF2EC10FD}.Debug Library|x64.ActiveCfg = Debug|x64
		{3A214E06-B95E-4D61-A291-1F8DF2EC10FD}.Debug Library|x64.Build.0 = Debug|x64
		{3A214E06-B95E-4D61-A291-1F8DF2EC10FD}.Debug Library|x86.ActiveCfg = Debug|Win32
		{3A214E06-B95E-4D61-A291-1F8DF2EC10FD}.Debug Library|x86.Build.0 = Debug|Win32
		{3A214E06-B95E-4D61-A291-1F8DF2EC10FD}.Debug|x64.ActiveCfg = Debug|x64
		{3A214E06-B95E-4D61-A291-1F8DF2EC10FD}.Debug|x64.Build.0 = Debug|x64
		{3A214E06-B95E-4D61-A291-1F8DF2EC10FD}.Debug|x86.ActiveCfg = Debug|Win32
		{3A214E06-B95E-4D61-A291-1F8DF2EC10FD}.Debug|x86.Build.0 = Debug|Win32
		{3A214E06-B95E-4D61-A291-1F8DF2EC10FD}.DebugDLL|x64.ActiveCfg = Debug|x64
		{3A214E06-B95E-4D61-A291-1F8DF2EC10FD}.DebugDLL|x64.Build.0 = Debug|x64
		{3A214E06-B95E-4D61-A291-1F8DF2EC10FD}.DebugDLL|x86.ActiveCfg = Debug|Win32
		{3A214E06-B95E-4D61-A291-1F8DF2EC10FD}.DebugDLL|x86.Build.0 = Debug|Win32
		{3A214E06-B95E-4D61-A291-1F8DF2EC10FD}.Release Library|x64.ActiveCfg = Release|x64
		{3A214E06-B95E-4D61-A291-1F8DF2EC10FD}.Release Library|x64.Build.0 = Release|x64
		{3A214E06-B95E-4D61-A291-1F8DF2EC10FD}.Release Library|x86.ActiveCfg = Release|Win32
		{3A214E06-B95E-4D61-A291-1F8DF2EC10FD}.Release Library|x86.Build.0 = Release|Win32
		{3A214E06-B95E-4D61-A291-1F8DF2EC10FD}.Release|x64.ActiveCfg = Release|x64
		{3A214E06-B95E-4D61-A291-1F8DF2EC10FD}.Release|x64.Build.0 = Release|x64
		{3A214E06-B95E-4D61-A291-1F8DF2EC10FD}.Release|x86.ActiveCfg = Release|Win32
		{3A214E06-B95E-4D61-A291-1F8DF2EC10FD}.Release|x86.Build.0 = Release|Win32
		{3A214E06-B95E-4D61-A291-1F8DF2EC10FD}.ReleaseDLL|x64.ActiveCfg = Release|x64
		{3A214E06-B95E-4D61-A291-1F8DF2EC10FD}.ReleaseDLL|x64.Build.0 = Release|x64
		{3A214E06-B95E-4D61-A291-1F8DF2EC10FD}.ReleaseDLL|x86.ActiveCfg = Release|Win32
		{3A214E06-B95E-4D61-A291-1F8DF2EC10FD}.ReleaseDLL|x86.Build.0 = Release|Win32
		{CEBDE98B-A6AA-46E6-BC79-FAAF823DB9EC}.Debug Library|x64.ActiveCfg = Debug|x64
		{CEBDE98B-A6AA-46E6-BC79-FAAF823DB9EC}.Debug Library|x64.Build.0 = Debug|x64
		{CEBDE98B-A6AA-46E6-BC79-FAAF823DB9EC}.Debug Library|x86.ActiveCfg = Debug|Win32
		{CEBDE98B-A6AA-46E6-BC79-FAAF823DB9EC}.Debug Library|x86.Build.0 = Debug|Win32
		{CEBDE98B-A6AA-46E6-BC79-FAAF823DB9EC}.Debug|x64.ActiveCfg = Debug|x64
		{CEBDE98B-A6AA-46E6-BC79-FAAF823DB9EC}.Debug|x64.Build.0 = Debug|x64
		{CEBDE98B-A6AA-46E6-BC79-FAAF823DB9EC}.Debug|x86.ActiveCfg = Debug|Win32
		{CEBDE98B-A6AA-46E6-BC79-FAAF823DB9EC}.Debug|x86.Build.0 = Debug|Win32
		{CEBDE98B-A6AA-46E6-BC79-FAAF823DB9EC}.DebugDLL|x64.ActiveCfg = Debug|x64
		{CEBDE98B-A6AA-46E6-BC79-FAAF823DB9EC}.DebugDLL|x64.Build.0 = Debug|x64
		{CEBDE98B-A6AA-46E6-BC79-FAAF823DB9EC}.DebugDLL|x86.ActiveCfg = Debug|Win32
		{CEBDE98B-A6AA-46E6-BC79-FAAF823DB9EC}.DebugDLL|x86.Build.0 = Debug|Win32
		{CEBDE98B-A6AA-46E6-BC79-FAAF823DB9EC}.Release Library|x64.ActiveCfg = Release|x64
		{CEBDE98B-A6AA-46E6-BC79-FAAF823DB9EC}.Release Library|x64.Build.0 = Release|x64
		{CEBDE98B-A6AA-46E6-BC79-FAAF823DB9EC}.Release Library|x86.ActiveCfg = Release|Win32
		{CEBDE98B-A6AA-46E6-BC79-FAAF823DB9EC}.Release Library|x86.Build.0 = Release|Win32
		{CEBDE98B-A6AA-46E6-BC79-FAAF823DB9EC}.Release|x64.ActiveCfg = Release|x64
		{CEBDE98B-A6AA-46E6-BC79-FAAF823DB9EC}.Release|x64.Build.0 = Release|x64
		{CEBDE98B-A6AA-46E6-BC79-FAAF823DB9EC}.Release|x86.ActiveCfg = Release|Win32
		{CEBDE98B-A6AA-46E6-BC79-FAAF823DB9EC}.Release|x86.Build.0 = Release|Win32
		{CEBDE98B-A6AA-46E6-BC79-FAAF823DB9EC}.ReleaseDLL|x64.ActiveCfg = Release|x64
		{CEBDE98B-A6AA-46E6-BC79-FAAF823DB9EC}.ReleaseDLL|x64.Build.0 = Release|x64
		{CEBDE98B-A6AA-46E6-BC79-FAAF823DB9EC}.ReleaseDLL|x86.ActiveCfg = Release|Win32
		{CEBDE98B-A6AA-46E6-BC79-FAAF823DB9EC}.ReleaseDLL|x86.Build.0 = Release|Win32
		{60F89955-91C6-3A36-8000-13C592FEC2DF}.Debug Library|x64.ActiveCfg = Debug Library|x64
		{60F89955-91C6-3A36-8000-13C592FEC2DF}.Debug Library|x64.Build.0 = Debug Library|x64
		{60F89955-91C6-3A36-8000-13C592FEC2DF}.Debug Library|x86.ActiveCfg = Debug Library|Win32
		{60F89955-91C6-3A36-8000-13C592FEC2DF}.Debug Library|x86.Build.0 = Debug Library|Win32
		{60F89955-91C6-3A36-8000-13C592FEC2DF}.Debug|x64.ActiveCfg = Debug|x64
		{60F89955-91C6-3A36-8000-13C592FEC2DF}.Debug|x64.Build.0 = Debug|x64
		{60F89955-91C6-3A36-8000-13C592FEC2DF}.Debug|x86.ActiveCfg = Debug|Win32
		{60F89955-91C6-3A36-8000-13C592FEC2DF}.Debug|x86.Build.0 = Debug|Win32
		{60F89955-91C6-3A36-8000-13C592FEC2DF}.DebugDLL|x64.ActiveCfg = Debug Library|x64
		{60F89955-91C6-3A36-8000-13C592FEC2DF}.DebugDLL|x64.Build.0 = Debug Library|x64
		{60F89955-91C6-3A36-8000-13C592FEC2DF}.DebugDLL|x86.ActiveCfg = Debug Library|Win32
		{60F89955-91C6-3A36-8000-13C592FEC2DF}.DebugDLL|x86.Build.0 = Debug Library|Win32
		{60F89955-91C6-3A36-8000-13C592FEC2DF}.Release Library|x64.ActiveCfg = Release Library|x64
		{60F89955-91C6-3A36-8000-13C592FEC2DF}.Release Library|x64.Build.0 = Release Library|x64
		{60F89955-91C6-3A36-8000-13C592FEC2DF}.Release Library|x86.ActiveCfg = Release Library|Win32
		{60F89955-91C6-3A36-8000-13C592FEC2DF}.Release Library|x86.Build.0 = Release Library|Win32
		{60F89955-91C6-3A36-8000-13C592FEC2DF}.Release|x64.ActiveCfg = Release|x64
		{60F89955-91C6-3A36-8000-13C592FEC2DF}.Release|x64.Build.0 = Release|x64
		{60F89955-91C6-3A36-8000-13C592FEC2DF}.Release|x86.ActiveCfg = Release|Win32
		{60F89955-91C6-3A36-8000-13C592FEC2DF}.Release|x86.Build.0 = Release|Win32
		{60F89955-91C6-3A36-8000-13C592FEC2DF}.ReleaseDLL|x64.ActiveCfg = Release|x64
		{60F89955-91C6-3A36-8000-13C592FEC2DF}.ReleaseDLL|x64.Build.0 = Release|x64
		{60F89955-91C6-3A36-8000-13C592FEC2DF}.ReleaseDLL|x86.ActiveCfg = Release|Win32
		{60F89955-91C6-3A36-8000-13C592FEC2DF}.ReleaseDLL|x86.Build.0 = Release|Win32
		{D6973076-9317-4EF2-A0B8-B7A18AC0713E}.Debug Library|x64.ActiveCfg = Debug Library|x64
		{D6973076-9317-4EF2-A0B8-B7A18AC0713E}.Debug Library|x64.Build.0 = Debug Library|x64
		{D6973076-9317-4EF2-A0B8-B7A18AC0713E}.Debug Library|x86.ActiveCfg = Debug Library|Win32
		{D6973076-9317-4EF2-A0B8-B7A18AC0713E}.Debug Library|x86.Build.0 = Debug Library|Win32
		{D6973076-9317-4EF2-A0B8-B7A18AC0713E}.Debug|x64.ActiveCfg = Debug|x64
		{D6973076-9317-4EF2-A0B8-B7A18AC0713E}.Debug|x64.Build.0 = Debug|x64
		{D6973076-9317-4EF2-A0B8-B7A18AC0713E}.Debug|x86.ActiveCfg = Debug|Win32
		{D6973076-9317-4EF2-A0B8-B7A18AC0713E}.Debug|x86.Build.0 = Debug|Win32
		{D6973076-9317-4EF2-A0B8-B7A18AC0713E}.DebugDLL|x64.ActiveCfg = Debug Library|x64
		{D6973076-9317-4EF2-A0B8-B7A18AC0713E}.DebugDLL|x64.Build.0 = Debug Library|x64
		{D6973076-9317-4EF2-A0B8-B7A18AC0713E}.DebugDLL|x86.ActiveCfg = Debug Library|Win32
		{D6973076-9317-4EF2-A0B8-B7A18AC0713E}.DebugDLL|x86.Build.0 = Debug Library|Win32
		{D6973076-9317-4EF2-A0B8-B7A18AC0713E}.Release Library|x64.ActiveCfg = Release Library|x64
		{D6973076-9317-4EF2-A0B8-B7A18AC0713E}.Release Library|x64.Build.0 = Release Library|x64
		{D6973076-9317-4EF2-A0B8-B7A18AC0713E}.Release Library|x86.ActiveCfg = Release Library|Win32
		{D6973076-9317-4EF2-A0B8-B7A18AC0713E}.Release Library|x86.Build.0 = Release Library|Win32
		{D6973076-9317-4EF2-A0B8-B7A18AC0713E}.Release|x64.ActiveCfg = Release|x64
		{D6973076-9317-4EF2-A0B8-B7A18AC0713E}.Release|x64.Build.0 = Release|x64
		{D6973076-9317-4EF2-A0B8-B7A18AC0713E}.Release|x86.ActiveCfg = Release|Win32
		{D6973076-9317-4EF2-A0B8-B7A18AC0713E}.Release|x86.Build.0 = Release|Win32
		{D6973076-9317-4EF2-A0B8-B7A18AC0713E}.ReleaseDLL|x64.ActiveCfg = Release|x64
		{D6973076-9317-4EF2-A0B8-B7A18AC0713E}.ReleaseDLL|x64.Build.0 = Release|x64
		{D6973076-9317-4EF2-A0B8-B7A18AC0713E}.ReleaseDLL|x86.ActiveCfg = Release|Win32
		{D6973076-9317-4EF2-A0B8-B7A18AC0713E}.ReleaseDLL|x86.Build.0 = Release|Win32
	EndGlobalSection
	GlobalSection(SolutionProperties) = preSolution
		HideSolutionNode = FALSE
	EndGlobalSection
	GlobalSection(ExtensibilityGlobals) = postSolution
		SolutionGuid = {7B421589-506F-4967-AEDE-04E2D28BC9C0}
	EndGlobalSection
EndGlobal
